version = 1
revision = 3
requires-python = ">=3.14"

[[package]]
name = "click"
version = "8.3.1"
source = { registry = "https://pypi.org/simple" }
dependencies = [
    { name = "colorama", marker = "sys_platform == 'win32'" },
]
sdist = { url = "https://files.pythonhosted.org/packages/3d/fa/656b739db8587d7b5dfa22e22ed02566950fbfbcdc20311993483657a5c0/click-8.3.1.tar.gz", hash = "sha256:12ff4785d337a1bb490bb7e9c2b1ee5da3112e94a8622f26a6c77f5d2fc6842a", size = 295065, upload-time = "2025-11-15T20:45:42.706Z" }
wheels = [
    { url = "https://files.pythonhosted.org/packages/98/78/01c019cdb5d6498122777c1a43056ebb3ebfeef2076d9d026bfe15583b2b/click-8.3.1-py3-none-any.whl", hash = "sha256:981153a64e25f12d547d3426c367a4857371575ee7ad18df2a6183ab0545b2a6", size = 108274, upload-time = "2025-11-15T20:45:41.139Z" },
]

[[package]]
name = "colorama"
version = "0.4.6"
source = { registry = "https://pypi.org/simple" }
sdist = { url = "https://files.pythonhosted.org/packages/d8/53/6f443c9a4a8358a93a6792e2acffb9d9d5cb0a5cfd8802644b7b1c9a02e4/colorama-0.4.6.tar.gz", hash = "sha256:08695f5cb7ed6e0531a20572697297273c47b8cae5a63ffc6d6ed5c201be6e44", size = 27697, upload-time = "2022-10-25T02:36:22.414Z" }
wheels = [
    { url = "https://files.pythonhosted.org/packages/d1/d6/3965ed04c63042e047cb6a3e6ed1a63a35087b6a609aa3a15ed8ac56c221/colorama-0.4.6-py2.py3-none-any.whl", hash = "sha256:4f1d9991f5acc0ca119f9d443620b77f9d6b33703e51011c16baf57afb285fc6", size = 25335, upload-time = "2022-10-25T02:36:20.889Z" },
]

[[package]]
name = "iniconfig"
version = "2.0.0"
source = { registry = "https://pypi.org/simple" }
sdist = { url = "https://files.pythonhosted.org/packages/d7/4b/cbd8e699e64a6f16ca3a8220661b5f83792b3017d0f79807cb8708d33913/iniconfig-2.0.0.tar.gz", hash = "sha256:2d91e135bf72d31a410b17c16da610a82cb55f6b0477d1a902134b24a455b8b3", size = 4646, upload-time = "2023-01-07T11:08:11.254Z" }
wheels = [
    { url = "https://files.pythonhosted.org/packages/ef/a6/62565a6e1cf69e10f5727360368e451d4b7f58beeac6173dc9db836a5b46/iniconfig-2.0.0-py3-none-any.whl", hash = "sha256:b6a85871a79d2e3b22d2d1b94ac2824226a63c6b741c88f7ae975f18b6778374", size = 5892, upload-time = "2023-01-07T11:08:09.864Z" },
]

[[package]]
name = "leetcode"
version = "0.1.0"
source = { virtual = "." }
dependencies = [
    { name = "click" },
    { name = "pytest" },
    { name = "ruff" },
    { name = "ty" },
]

[package.metadata]
requires-dist = [
    { name = "click", specifier = "==8.3.1" },
    { name = "pytest", specifier = "==9.0.2" },
    { name = "ruff", specifier = "==0.14.11" },
    { name = "ty", specifier = ">=0.0.12" },
]

[[package]]
name = "packaging"
version = "24.2"
source = { registry = "https://pypi.org/simple" }
sdist = { url = "https://files.pythonhosted.org/packages/d0/63/68dbb6eb2de9cb10ee4c9c14a0148804425e13c4fb20d61cce69f53106da/packaging-24.2.tar.gz", hash = "sha256:c228a6dc5e932d346bc5739379109d49e8853dd8223571c7c5b55260edc0b97f", size = 163950, upload-time = "2024-11-08T09:47:47.202Z" }
wheels = [
    { url = "https://files.pythonhosted.org/packages/88/ef/eb23f262cca3c0c4eb7ab1933c3b1f03d021f2c48f54763065b6f0e321be/packaging-24.2-py3-none-any.whl", hash = "sha256:09abb1bccd265c01f4a3aa3f7a7db064b36514d2cba19a2f694fe6150451a759", size = 65451, upload-time = "2024-11-08T09:47:44.722Z" },
]

[[package]]
name = "pluggy"
version = "1.5.0"
source = { registry = "https://pypi.org/simple" }
sdist = { url = "https://files.pythonhosted.org/packages/96/2d/02d4312c973c6050a18b314a5ad0b3210edb65a906f868e31c111dede4a6/pluggy-1.5.0.tar.gz", hash = "sha256:2cffa88e94fdc978c4c574f15f9e59b7f4201d439195c3715ca9e2486f1d0cf1", size = 67955, upload-time = "2024-04-20T21:34:42.531Z" }
wheels = [
    { url = "https://files.pythonhosted.org/packages/88/5f/e351af9a41f866ac3f1fac4ca0613908d9a41741cfcf2228f4ad853b697d/pluggy-1.5.0-py3-none-any.whl", hash = "sha256:44e1ad92c8ca002de6377e165f3e0f1be63266ab4d554740532335b9d75ea669", size = 20556, upload-time = "2024-04-20T21:34:40.434Z" },
]

[[package]]
name = "pygments"
version = "2.19.2"
source = { registry = "https://pypi.org/simple" }
sdist = { url = "https://files.pythonhosted.org/packages/b0/77/a5b8c569bf593b0140bde72ea885a803b82086995367bf2037de0159d924/pygments-2.19.2.tar.gz", hash = "sha256:636cb2477cec7f8952536970bc533bc43743542f70392ae026374600add5b887", size = 4968631, upload-time = "2025-06-21T13:39:12.283Z" }
wheels = [
    { url = "https://files.pythonhosted.org/packages/c7/21/705964c7812476f378728bdf590ca4b771ec72385c533964653c68e86bdc/pygments-2.19.2-py3-none-any.whl", hash = "sha256:86540386c03d588bb81d44bc3928634ff26449851e99741617ecb9037ee5ec0b", size = 1225217, upload-time = "2025-06-21T13:39:07.939Z" },
]

[[package]]
name = "pytest"
version = "9.0.2"
source = { registry = "https://pypi.org/simple" }
dependencies = [
    { name = "colorama", marker = "sys_platform == 'win32'" },
    { name = "iniconfig" },
    { name = "packaging" },
    { name = "pluggy" },
    { name = "pygments" },
]
sdist = { url = "https://files.pythonhosted.org/packages/d1/db/7ef3487e0fb0049ddb5ce41d3a49c235bf9ad299b6a25d5780a89f19230f/pytest-9.0.2.tar.gz", hash = "sha256:75186651a92bd89611d1d9fc20f0b4345fd827c41ccd5c299a868a05d70edf11", size = 1568901, upload-time = "2025-12-06T21:30:51.014Z" }
wheels = [
    { url = "https://files.pythonhosted.org/packages/3b/ab/b3226f0bd7cdcf710fbede2b3548584366da3b19b5021e74f5bde2a8fa3f/pytest-9.0.2-py3-none-any.whl", hash = "sha256:711ffd45bf766d5264d487b917733b453d917afd2b0ad65223959f59089f875b", size = 374801, upload-time = "2025-12-06T21:30:49.154Z" },
]

[[package]]
name = "ruff"
version = "0.14.11"
source = { registry = "https://pypi.org/simple" }
sdist = { url = "https://files.pythonhosted.org/packages/d4/77/9a7fe084d268f8855d493e5031ea03fa0af8cc05887f638bf1c4e3363eb8/ruff-0.14.11.tar.gz", hash = "sha256:f6dc463bfa5c07a59b1ff2c3b9767373e541346ea105503b4c0369c520a66958", size = 5993417, upload-time = "2026-01-08T19:11:58.322Z" }
wheels = [
    { url = "https://files.pythonhosted.org/packages/f0/a6/a4c40a5aaa7e331f245d2dc1ac8ece306681f52b636b40ef87c88b9f7afd/ruff-0.14.11-py3-none-linux_armv6l.whl", hash = "sha256:f6ff2d95cbd335841a7217bdfd9c1d2e44eac2c584197ab1385579d55ff8830e", size = 12951208, upload-time = "2026-01-08T19:12:09.218Z" },
    { url = "https://files.pythonhosted.org/packages/5c/5c/360a35cb7204b328b685d3129c08aca24765ff92b5a7efedbdd6c150d555/ruff-0.14.11-py3-none-macosx_10_12_x86_64.whl", hash = "sha256:6f6eb5c1c8033680f4172ea9c8d3706c156223010b8b97b05e82c59bdc774ee6", size = 13330075, upload-time = "2026-01-08T19:12:02.549Z" },
    { url = "https://files.pythonhosted.org/packages/1b/9e/0cc2f1be7a7d33cae541824cf3f95b4ff40d03557b575912b5b70273c9ec/ruff-0.14.11-py3-none-macosx_11_0_arm64.whl", hash = "sha256:f2fc34cc896f90080fca01259f96c566f74069a04b25b6205d55379d12a6855e", size = 12257809, upload-time = "2026-01-08T19:12:00.366Z" },
    { url = "https://files.pythonhosted.org/packages/a7/e5/5faab97c15bb75228d9f74637e775d26ac703cc2b4898564c01ab3637c02/ruff-0.14.11-py3-none-manylinux_2_17_aarch64.manylinux2014_aarch64.whl", hash = "sha256:53386375001773ae812b43205d6064dae49ff0968774e6befe16a994fc233caa", size = 12678447, upload-time = "2026-01-08T19:12:13.899Z" },
    { url = "https://files.pythonhosted.org/packages/1b/33/e9767f60a2bef779fb5855cab0af76c488e0ce90f7bb7b8a45c8a2ba4178/ruff-0.14.11-py3-none-manylinux_2_17_armv7l.manylinux2014_armv7l.whl", hash = "sha256:a697737dce1ca97a0a55b5ff0434ee7205943d4874d638fe3ae66166ff46edbe", size = 12758560, upload-time = "2026-01-08T19:11:42.55Z" },
    { url = "https://files.pythonhosted.org/packages/eb/84/4c6cf627a21462bb5102f7be2a320b084228ff26e105510cd2255ea868e5/ruff-0.14.11-py3-none-manylinux_2_17_i686.manylinux2014_i686.whl", hash = "sha256:6845ca1da8ab81ab1dce755a32ad13f1db72e7fba27c486d5d90d65e04d17b8f", size = 13599296, upload-time = "2026-01-08T19:11:30.371Z" },
    { url = "https://files.pythonhosted.org/packages/88/e1/92b5ed7ea66d849f6157e695dc23d5d6d982bd6aa8d077895652c38a7cae/ruff-0.14.11-py3-none-manylinux_2_17_ppc64.manylinux2014_ppc64.whl", hash = "sha256:e36ce2fd31b54065ec6f76cb08d60159e1b32bdf08507862e32f47e6dde8bcbf", size = 15048981, upload-time = "2026-01-08T19:12:04.742Z" },
    { url = "https://files.pythonhosted.org/packages/61/df/c1bd30992615ac17c2fb64b8a7376ca22c04a70555b5d05b8f717163cf9f/ruff-0.14.11-py3-none-manylinux_2_17_ppc64le.manylinux2014_ppc64le.whl", hash = "sha256:590bcc0e2097ecf74e62a5c10a6b71f008ad82eb97b0a0079e85defe19fe74d9", size = 14633183, upload-time = "2026-01-08T19:11:40.069Z" },
    { url = "https://files.pythonhosted.org/packages/04/e9/fe552902f25013dd28a5428a42347d9ad20c4b534834a325a28305747d64/ruff-0.14.11-py3-none-manylinux_2_17_s390x.manylinux2014_s390x.whl", hash = "sha256:53fe71125fc158210d57fe4da26e622c9c294022988d08d9347ec1cf782adafe", size = 14050453, upload-time = "2026-01-08T19:11:37.555Z" },
    { url = "https://files.pythonhosted.org/packages/ae/93/f36d89fa021543187f98991609ce6e47e24f35f008dfe1af01379d248a41/ruff-0.14.11-py3-none-manylinux_2_17_x86_64.manylinux2014_x86_64.whl", hash = "sha256:a35c9da08562f1598ded8470fcfef2afb5cf881996e6c0a502ceb61f4bc9c8a3", size = 13757889, upload-time = "2026-01-08T19:12:07.094Z" },
    { url = "https://files.pythonhosted.org/packages/b7/9f/c7fb6ecf554f28709a6a1f2a7f74750d400979e8cd47ed29feeaa1bd4db8/ruff-0.14.11-py3-none-manylinux_2_31_riscv64.whl", hash = "sha256:0f3727189a52179393ecf92ec7057c2210203e6af2676f08d92140d3e1ee72c1", size = 13955832, upload-time = "2026-01-08T19:11:55.064Z" },
    { url = "https://files.pythonhosted.org/packages/db/a0/153315310f250f76900a98278cf878c64dfb6d044e184491dd3289796734/ruff-0.14.11-py3-none-musllinux_1_2_aarch64.whl", hash = "sha256:eb09f849bd37147a789b85995ff734a6c4a095bed5fd1608c4f56afc3634cde2", size = 12586522, upload-time = "2026-01-08T19:11:35.356Z" },
    { url = "https://files.pythonhosted.org/packages/2f/2b/a73a2b6e6d2df1d74bf2b78098be1572191e54bec0e59e29382d13c3adc5/ruff-0.14.11-py3-none-musllinux_1_2_armv7l.whl", hash = "sha256:c61782543c1231bf71041461c1f28c64b961d457d0f238ac388e2ab173d7ecb7", size = 12724637, upload-time = "2026-01-08T19:11:47.796Z" },
    { url = "https://files.pythonhosted.org/packages/f0/41/09100590320394401cd3c48fc718a8ba71c7ddb1ffd07e0ad6576b3a3df2/ruff-0.14.11-py3-none-musllinux_1_2_i686.whl", hash = "sha256:82ff352ea68fb6766140381748e1f67f83c39860b6446966cff48a315c3e2491", size = 13145837, upload-time = "2026-01-08T19:11:32.87Z" },
    { url = "https://files.pythonhosted.org/packages/3b/d8/e035db859d1d3edf909381eb8ff3e89a672d6572e9454093538fe6f164b0/ruff-0.14.11-py3-none-musllinux_1_2_x86_64.whl", hash = "sha256:728e56879df4ca5b62a9dde2dd0eb0edda2a55160c0ea28c4025f18c03f86984", size = 13850469, upload-time = "2026-01-08T19:12:11.694Z" },
    { url = "https://files.pythonhosted.org/packages/4e/02/bb3ff8b6e6d02ce9e3740f4c17dfbbfb55f34c789c139e9cd91985f356c7/ruff-0.14.11-py3-none-win32.whl", hash = "sha256:337c5dd11f16ee52ae217757d9b82a26400be7efac883e9e852646f1557ed841", size = 12851094, upload-time = "2026-01-08T19:11:45.163Z" },
    { url = "https://files.pythonhosted.org/packages/58/f1/90ddc533918d3a2ad628bc3044cdfc094949e6d4b929220c3f0eb8a1c998/ruff-0.14.11-py3-none-win_amd64.whl", hash = "sha256:f981cea63d08456b2c070e64b79cb62f951aa1305282974d4d5216e6e0178ae6", size = 14001379, upload-time = "2026-01-08T19:11:52.591Z" },
    { url = "https://files.pythonhosted.org/packages/c4/1c/1dbe51782c0e1e9cfce1d1004752672d2d4629ea46945d19d731ad772b3b/ruff-0.14.11-py3-none-win_arm64.whl", hash = "sha256:649fb6c9edd7f751db276ef42df1f3df41c38d67d199570ae2a7bd6cbc3590f0", size = 12938644, upload-time = "2026-01-08T19:11:50.027Z" },
]

[[package]]
name = "ty"
version = "0.0.12"
source = { registry = "https://pypi.org/simple" }
sdist = { url = "https://files.pythonhosted.org/packages/b5/78/ba1a4ad403c748fbba8be63b7e774a90e80b67192f6443d624c64fe4aaab/ty-0.0.12.tar.gz", hash = "sha256:cd01810e106c3b652a01b8f784dd21741de9fdc47bd595d02c122a7d5cefeee7", size = 4981303, upload-time = "2026-01-14T22:30:48.537Z" }
wheels = [
    { url = "https://files.pythonhosted.org/packages/7d/8f/c21314d074dda5fb13d3300fa6733fd0d8ff23ea83a721818740665b6314/ty-0.0.12-py3-none-linux_armv6l.whl", hash = "sha256:eb9da1e2c68bd754e090eab39ed65edf95168d36cbeb43ff2bd9f86b4edd56d1", size = 9614164, upload-time = "2026-01-14T22:30:44.016Z" },
    { url = "https://files.pythonhosted.org/packages/09/28/f8a4d944d13519d70c486e8f96d6fa95647ac2aa94432e97d5cfec1f42f6/ty-0.0.12-py3-none-macosx_10_12_x86_64.whl", hash = "sha256:c181f42aa19b0ed7f1b0c2d559980b1f1d77cc09419f51c8321c7ddf67758853", size = 9542337, upload-time = "2026-01-14T22:30:05.687Z" },
    { url = "https://files.pythonhosted.org/packages/e1/9c/f576e360441de7a8201daa6dc4ebc362853bc5305e059cceeb02ebdd9a48/ty-0.0.12-py3-none-macosx_11_0_arm64.whl", hash = "sha256:1f829e1eecd39c3e1b032149db7ae6a3284f72fc36b42436e65243a9ed1173db", size = 8909582, upload-time = "2026-01-14T22:30:46.089Z" },
    { url = "https://files.pythonhosted.org/packages/d6/13/0898e494032a5d8af3060733d12929e3e7716db6c75eac63fa125730a3e7/ty-0.0.12-py3-none-manylinux_2_17_aarch64.manylinux2014_aarch64.whl", hash = "sha256:f45162e7826e1789cf3374627883cdeb0d56b82473a0771923e4572928e90be3", size = 9384932, upload-time = "2026-01-14T22:30:13.769Z" },
    { url = "https://files.pythonhosted.org/packages/e4/1a/b35b6c697008a11d4cedfd34d9672db2f0a0621ec80ece109e13fca4dfef/ty-0.0.12-py3-none-manylinux_2_17_armv7l.manylinux2014_armv7l.whl", hash = "sha256:d11fec40b269bec01e751b2337d1c7ffa959a2c2090a950d7e21c2792442cccd", size = 9453140, upload-time = "2026-01-14T22:30:11.131Z" },
    { url = "https://files.pythonhosted.org/packages/dd/1e/71c9edbc79a3c88a0711324458f29c7dbf6c23452c6e760dc25725483064/ty-0.0.12-py3-none-manylinux_2_17_i686.manylinux2014_i686.whl", hash = "sha256:09d99e37e761a4d2651ad9d5a610d11235fbcbf35dc6d4bc04abf54e7cf894f1", size = 9960680, upload-time = "2026-01-14T22:30:33.621Z" },
    { url = "https://files.pythonhosted.org/packages/0e/75/39375129f62dd22f6ad5a99cd2a42fd27d8b91b235ce2db86875cdad397d/ty-0.0.12-py3-none-manylinux_2_17_ppc64.manylinux2014_ppc64.whl", hash = "sha256:d9ca0cdb17bd37397da7b16a7cd23423fc65c3f9691e453ad46c723d121225a1", size = 10904518, upload-time = "2026-01-14T22:30:08.464Z" },
    { url = "https://files.pythonhosted.org/packages/32/5e/26c6d88fafa11a9d31ca9f4d12989f57782ec61e7291d4802d685b5be118/ty-0.0.12-py3-none-manylinux_2_17_ppc64le.manylinux2014_ppc64le.whl", hash = "sha256:fcf2757b905e7eddb7e456140066335b18eb68b634a9f72d6f54a427ab042c64", size = 10525001, upload-time = "2026-01-14T22:30:16.454Z" },
    { url = "https://files.pythonhosted.org/packages/c2/a5/2f0b91894af13187110f9ad7ee926d86e4e6efa755c9c88a820ed7f84c85/ty-0.0.12-py3-none-manylinux_2_17_s390x.manylinux2014_s390x.whl", hash = "sha256:00cf34c1ebe1147efeda3021a1064baa222c18cdac114b7b050bbe42deb4ca80", size = 10307103, upload-time = "2026-01-14T22:30:41.221Z" },
    { url = "https://files.pythonhosted.org/packages/4b/77/13d0410827e4bc713ebb7fdaf6b3590b37dcb1b82e0a81717b65548f2442/ty-0.0.12-py3-none-manylinux_2_17_x86_64.manylinux2014_x86_64.whl", hash = "sha256:2bb3a655bd869352e9a22938d707631ac9fbca1016242b1f6d132d78f347c851", size = 10072737, upload-time = "2026-01-14T22:30:51.783Z" },
    { url = "https://files.pythonhosted.org/packages/e1/dd/fc36d8bac806c74cf04b4ca735bca14d19967ca84d88f31e121767880df1/ty-0.0.12-py3-none-musllinux_1_2_aarch64.whl", hash = "sha256:4658e282c7cb82be304052f8f64f9925f23c3c4f90eeeb32663c74c4b095d7ba", size = 9368726, upload-time = "2026-01-14T22:30:18.683Z" },
    { url = "https://files.pythonhosted.org/packages/54/70/9e8e461647550f83e2fe54bc632ccbdc17a4909644783cdbdd17f7296059/ty-0.0.12-py3-none-musllinux_1_2_armv7l.whl", hash = "sha256:c167d838eaaa06e03bb66a517f75296b643d950fbd93c1d1686a187e5a8dbd1f", size = 9454704, upload-time = "2026-01-14T22:30:22.759Z" },
    { url = "https://files.pythonhosted.org/packages/04/9b/6292cf7c14a0efeca0539cf7d78f453beff0475cb039fbea0eb5d07d343d/ty-0.0.12-py3-none-musllinux_1_2_i686.whl", hash = "sha256:2956e0c9ab7023533b461d8a0e6b2ea7b78e01a8dde0688e8234d0fce10c4c1c", size = 9649829, upload-time = "2026-01-14T22:30:31.234Z" },
    { url = "https://files.pythonhosted.org/packages/49/bd/472a5d2013371e4870886cff791c94abdf0b92d43d305dd0f8e06b6ff719/ty-0.0.12-py3-none-musllinux_1_2_x86_64.whl", hash = "sha256:5c6a3fd7479580009f21002f3828320621d8a82d53b7ba36993234e3ccad58c8", size = 10162814, upload-time = "2026-01-14T22:30:36.174Z" },
    { url = "https://files.pythonhosted.org/packages/31/e9/2ecbe56826759845a7c21d80aa28187865ea62bc9757b056f6cbc06f78ed/ty-0.0.12-py3-none-win32.whl", hash = "sha256:a91c24fd75c0f1796d8ede9083e2c0ec96f106dbda73a09fe3135e075d31f742", size = 9140115, upload-time = "2026-01-14T22:30:38.903Z" },
    { url = "https://files.pythonhosted.org/packages/5d/6d/d9531eff35a5c0ec9dbc10231fac21f9dd6504814048e81d6ce1c84dc566/ty-0.0.12-py3-none-win_amd64.whl", hash = "sha256:df151894be55c22d47068b0f3b484aff9e638761e2267e115d515fcc9c5b4a4b", size = 9884532, upload-time = "2026-01-14T22:30:25.112Z" },
    { url = "https://files.pythonhosted.org/packages/e9/f3/20b49e75967023b123a221134548ad7000f9429f13fdcdda115b4c26305f/ty-0.0.12-py3-none-win_arm64.whl", hash = "sha256:cea99d334b05629de937ce52f43278acf155d3a316ad6a35356635f886be20ea", size = 9313974, upload-time = "2026-01-14T22:30:27.44Z" },
]
